
Microsoft Visual Studio Solution File, Format Version 12.00
# Visual Studio 15
VisualStudioVersion = 15.0.27004.2009
MinimumVisualStudioVersion = 10.0.40219.1
Project("{D954291E-2A0B-460D-934E-DC6B0785DB48}") = "RozliczeniaXamarin", "RozliczeniaXamarin\RozliczeniaXamarin\RozliczeniaXamarin.shproj", "{9459CFC6-7E35-401B-93CA-C4BAA46732FC}"
EndProject
Project("{FAE04EC0-301F-11D3-BF4B-00C04F79EFBC}") = "RozliczeniaXamarin.Android", "RozliczeniaXamarin\RozliczeniaXamarin.Android\RozliczeniaXamarin.Android.csproj", "{2A2BFC24-A807-4AF7-9761-02930A42B047}"
EndProject
Project("{FAE04EC0-301F-11D3-BF4B-00C04F79EFBC}") = "RozliczeniaXamarin.iOS", "RozliczeniaXamarin\RozliczeniaXamarin.iOS\RozliczeniaXamarin.iOS.csproj", "{94DDBEE3-AD6C-4B73-A15C-85F7528A2201}"
EndProject
Project("{FAE04EC0-301F-11D3-BF4B-00C04F79EFBC}") = "RozliczeniaTests", "RozliczeniaTests\RozliczeniaTests.csproj", "{B287CC8A-7236-46D3-AB58-2D0B7D082494}"
EndProject
Project("{FAE04EC0-301F-11D3-BF4B-00C04F79EFBC}") = "RozliczeniaXamarin.UWP", "RozliczeniaXamarin\RozliczeniaXamarin.UWP\RozliczeniaXamarin.UWP.csproj", "{00CF93D5-A396-454E-9BEA-9FB8B059A7FD}"
EndProject
Global
	GlobalSection(SharedMSBuildProjectFiles) = preSolution
		RozliczeniaXamarin\RozliczeniaXamarin\RozliczeniaXamarin.projitems*{00cf93d5-a396-454e-9bea-9fb8b059a7fd}*SharedItemsImports = 4
		RozliczeniaXamarin\RozliczeniaXamarin\RozliczeniaXamarin.projitems*{2a2bfc24-a807-4af7-9761-02930a42b047}*SharedItemsImports = 4
		RozliczeniaXamarin\RozliczeniaXamarin\RozliczeniaXamarin.projitems*{9459cfc6-7e35-401b-93ca-c4baa46732fc}*SharedItemsImports = 13
		RozliczeniaXamarin\RozliczeniaXamarin\RozliczeniaXamarin.projitems*{94ddbee3-ad6c-4b73-a15c-85f7528a2201}*SharedItemsImports = 4
	EndGlobalSection
	GlobalSection(SolutionConfigurationPlatforms) = preSolution
		Ad-Hoc|Any CPU = Ad-Hoc|Any CPU
		Ad-Hoc|ARM = Ad-Hoc|ARM
		Ad-Hoc|iPhone = Ad-Hoc|iPhone
		Ad-Hoc|iPhoneSimulator = Ad-Hoc|iPhoneSimulator
		Ad-Hoc|x64 = Ad-Hoc|x64
		Ad-Hoc|x86 = Ad-Hoc|x86
		AppStore|Any CPU = AppStore|Any CPU
		AppStore|ARM = AppStore|ARM
		AppStore|iPhone = AppStore|iPhone
		AppStore|iPhoneSimulator = AppStore|iPhoneSimulator
		AppStore|x64 = AppStore|x64
		AppStore|x86 = AppStore|x86
		Debug|Any CPU = Debug|Any CPU
		Debug|ARM = Debug|ARM
		Debug|iPhone = Debug|iPhone
		Debug|iPhoneSimulator = Debug|iPhoneSimulator
		Debug|x64 = Debug|x64
		Debug|x86 = Debug|x86
		Release|Any CPU = Release|Any CPU
		Release|ARM = Release|ARM
		Release|iPhone = Release|iPhone
		Release|iPhoneSimulator = Release|iPhoneSimulator
		Release|x64 = Release|x64
		Release|x86 = Release|x86
	EndGlobalSection
	GlobalSection(ProjectConfigurationPlatforms) = postSolution
		{2A2BFC24-A807-4AF7-9761-02930A42B047}.Ad-Hoc|Any CPU.ActiveCfg = Release|Any CPU
		{2A2BFC24-A807-4AF7-9761-02930A42B047}.Ad-Hoc|Any CPU.Build.0 = Release|Any CPU
		{2A2BFC24-A807-4AF7-9761-02930A42B047}.Ad-Hoc|Any CPU.Deploy.0 = Release|Any CPU
		{2A2BFC24-A807-4AF7-9761-02930A42B047}.Ad-Hoc|ARM.ActiveCfg = Debug|Any CPU
		{2A2BFC24-A807-4AF7-9761-02930A42B047}.Ad-Hoc|ARM.Build.0 = Debug|Any CPU
		{2A2BFC24-A807-4AF7-9761-02930A42B047}.Ad-Hoc|ARM.Deploy.0 = Debug|Any CPU
		{2A2BFC24-A807-4AF7-9761-02930A42B047}.Ad-Hoc|iPhone.ActiveCfg = Release|Any CPU
		{2A2BFC24-A807-4AF7-9761-02930A42B047}.Ad-Hoc|iPhone.Build.0 = Release|Any CPU
		{2A2BFC24-A807-4AF7-9761-02930A42B047}.Ad-Hoc|iPhone.Deploy.0 = Release|Any CPU
		{2A2BFC24-A807-4AF7-9761-02930A42B047}.Ad-Hoc|iPhoneSimulator.ActiveCfg = Release|Any CPU
		{2A2BFC24-A807-4AF7-9761-02930A42B047}.Ad-Hoc|iPhoneSimulator.Build.0 = Release|Any CPU
		{2A2BFC24-A807-4AF7-9761-02930A42B047}.Ad-Hoc|iPhoneSimulator.Deploy.0 = Release|Any CPU
		{2A2BFC24-A807-4AF7-9761-02930A42B047}.Ad-Hoc|x64.ActiveCfg = Debug|Any CPU
		{2A2BFC24-A807-4AF7-9761-02930A42B047}.Ad-Hoc|x64.Build.0 = Debug|Any CPU
		{2A2BFC24-A807-4AF7-9761-02930A42B047}.Ad-Hoc|x64.Deploy.0 = Debug|Any CPU
		{2A2BFC24-A807-4AF7-9761-02930A42B047}.Ad-Hoc|x86.ActiveCfg = Debug|Any CPU
		{2A2BFC24-A807-4AF7-9761-02930A42B047}.Ad-Hoc|x86.Build.0 = Debug|Any CPU
		{2A2BFC24-A807-4AF7-9761-02930A42B047}.Ad-Hoc|x86.Deploy.0 = Debug|Any CPU
		{2A2BFC24-A807-4AF7-9761-02930A42B047}.AppStore|Any CPU.ActiveCfg = Release|Any CPU
		{2A2BFC24-A807-4AF7-9761-02930A42B047}.AppStore|Any CPU.Build.0 = Release|Any CPU
		{2A2BFC24-A807-4AF7-9761-02930A42B047}.AppStore|Any CPU.Deploy.0 = Release|Any CPU
		{2A2BFC24-A807-4AF7-9761-02930A42B047}.AppStore|ARM.ActiveCfg = Debug|Any CPU
		{2A2BFC24-A807-4AF7-9761-02930A42B047}.AppStore|ARM.Build.0 = Debug|Any CPU
		{2A2BFC24-A807-4AF7-9761-02930A42B047}.AppStore|ARM.Deploy.0 = Debug|Any CPU
		{2A2BFC24-A807-4AF7-9761-02930A42B047}.AppStore|iPhone.ActiveCfg = Release|Any CPU
		{2A2BFC24-A807-4AF7-9761-02930A42B047}.AppStore|iPhone.Build.0 = Release|Any CPU
		{2A2BFC24-A807-4AF7-9761-02930A42B047}.AppStore|iPhone.Deploy.0 = Release|Any CPU
		{2A2BFC24-A807-4AF7-9761-02930A42B047}.AppStore|iPhoneSimulator.ActiveCfg = Release|Any CPU
		{2A2BFC24-A807-4AF7-9761-02930A42B047}.AppStore|iPhoneSimulator.Build.0 = Release|Any CPU
		{2A2BFC24-A807-4AF7-9761-02930A42B047}.AppStore|iPhoneSimulator.Deploy.0 = Release|Any CPU
		{2A2BFC24-A807-4AF7-9761-02930A42B047}.AppStore|x64.ActiveCfg = Debug|Any CPU
		{2A2BFC24-A807-4AF7-9761-02930A42B047}.AppStore|x64.Build.0 = Debug|Any CPU
		{2A2BFC24-A807-4AF7-9761-02930A42B047}.AppStore|x64.Deploy.0 = Debug|Any CPU
		{2A2BFC24-A807-4AF7-9761-02930A42B047}.AppStore|x86.ActiveCfg = Debug|Any CPU
		{2A2BFC24-A807-4AF7-9761-02930A42B047}.AppStore|x86.Build.0 = Debug|Any CPU
		{2A2BFC24-A807-4AF7-9761-02930A42B047}.AppStore|x86.Deploy.0 = Debug|Any CPU
		{2A2BFC24-A807-4AF7-9761-02930A42B047}.Debug|Any CPU.ActiveCfg = Debug|Any CPU
		{2A2BFC24-A807-4AF7-9761-02930A42B047}.Debug|Any CPU.Build.0 = Debug|Any CPU
		{2A2BFC24-A807-4AF7-9761-02930A42B047}.Debug|Any CPU.Deploy.0 = Debug|Any CPU
		{2A2BFC24-A807-4AF7-9761-02930A42B047}.Debug|ARM.ActiveCfg = Debug|Any CPU
		{2A2BFC24-A807-4AF7-9761-02930A42B047}.Debug|ARM.Build.0 = Debug|Any CPU
		{2A2BFC24-A807-4AF7-9761-02930A42B047}.Debug|ARM.Deploy.0 = Debug|Any CPU
		{2A2BFC24-A807-4AF7-9761-02930A42B047}.Debug|iPhone.ActiveCfg = Debug|Any CPU
		{2A2BFC24-A807-4AF7-9761-02930A42B047}.Debug|iPhone.Build.0 = Debug|Any CPU
		{2A2BFC24-A807-4AF7-9761-02930A42B047}.Debug|iPhone.Deploy.0 = Debug|Any CPU
		{2A2BFC24-A807-4AF7-9761-02930A42B047}.Debug|iPhoneSimulator.ActiveCfg = Debug|Any CPU
		{2A2BFC24-A807-4AF7-9761-02930A42B047}.Debug|iPhoneSimulator.Build.0 = Debug|Any CPU
		{2A2BFC24-A807-4AF7-9761-02930A42B047}.Debug|iPhoneSimulator.Deploy.0 = Debug|Any CPU
		{2A2BFC24-A807-4AF7-9761-02930A42B047}.Debug|x64.ActiveCfg = Debug|Any CPU
		{2A2BFC24-A807-4AF7-9761-02930A42B047}.Debug|x64.Build.0 = Debug|Any CPU
		{2A2BFC24-A807-4AF7-9761-02930A42B047}.Debug|x64.Deploy.0 = Debug|Any CPU
		{2A2BFC24-A807-4AF7-9761-02930A42B047}.Debug|x86.ActiveCfg = Debug|Any CPU
		{2A2BFC24-A807-4AF7-9761-02930A42B047}.Debug|x86.Build.0 = Debug|Any CPU
		{2A2BFC24-A807-4AF7-9761-02930A42B047}.Debug|x86.Deploy.0 = Debug|Any CPU
		{2A2BFC24-A807-4AF7-9761-02930A42B047}.Release|Any CPU.ActiveCfg = Release|Any CPU
		{2A2BFC24-A807-4AF7-9761-02930A42B047}.Release|Any CPU.Build.0 = Release|Any CPU
		{2A2BFC24-A807-4AF7-9761-02930A42B047}.Release|Any CPU.Deploy.0 = Release|Any CPU
		{2A2BFC24-A807-4AF7-9761-02930A42B047}.Release|ARM.ActiveCfg = Release|Any CPU
		{2A2BFC24-A807-4AF7-9761-02930A42B047}.Release|ARM.Build.0 = Release|Any CPU
		{2A2BFC24-A807-4AF7-9761-02930A42B047}.Release|ARM.Deploy.0 = Release|Any CPU
		{2A2BFC24-A807-4AF7-9761-02930A42B047}.Release|iPhone.ActiveCfg = Release|Any CPU
		{2A2BFC24-A807-4AF7-9761-02930A42B047}.Release|iPhone.Build.0 = Release|Any CPU
		{2A2BFC24-A807-4AF7-9761-02930A42B047}.Release|iPhone.Deploy.0 = Release|Any CPU
		{2A2BFC24-A807-4AF7-9761-02930A42B047}.Release|iPhoneSimulator.ActiveCfg = Release|Any CPU
		{2A2BFC24-A807-4AF7-9761-02930A42B047}.Release|iPhoneSimulator.Build.0 = Release|Any CPU
		{2A2BFC24-A807-4AF7-9761-02930A42B047}.Release|iPhoneSimulator.Deploy.0 = Release|Any CPU
		{2A2BFC24-A807-4AF7-9761-02930A42B047}.Release|x64.ActiveCfg = Release|Any CPU
		{2A2BFC24-A807-4AF7-9761-02930A42B047}.Release|x64.Build.0 = Release|Any CPU
		{2A2BFC24-A807-4AF7-9761-02930A42B047}.Release|x64.Deploy.0 = Release|Any CPU
		{2A2BFC24-A807-4AF7-9761-02930A42B047}.Release|x86.ActiveCfg = Release|Any CPU
		{2A2BFC24-A807-4AF7-9761-02930A42B047}.Release|x86.Build.0 = Release|Any CPU
		{2A2BFC24-A807-4AF7-9761-02930A42B047}.Release|x86.Deploy.0 = Release|Any CPU
		{94DDBEE3-AD6C-4B73-A15C-85F7528A2201}.Ad-Hoc|Any CPU.ActiveCfg = Ad-Hoc|iPhoneSimulator
		{94DDBEE3-AD6C-4B73-A15C-85F7528A2201}.Ad-Hoc|ARM.ActiveCfg = Ad-Hoc|iPhone
		{94DDBEE3-AD6C-4B73-A15C-85F7528A2201}.Ad-Hoc|iPhone.ActiveCfg = Ad-Hoc|iPhone
		{94DDBEE3-AD6C-4B73-A15C-85F7528A2201}.Ad-Hoc|iPhone.Build.0 = Ad-Hoc|iPhone
		{94DDBEE3-AD6C-4B73-A15C-85F7528A2201}.Ad-Hoc|iPhoneSimulator.ActiveCfg = Ad-Hoc|iPhoneSimulator
		{94DDBEE3-AD6C-4B73-A15C-85F7528A2201}.Ad-Hoc|iPhoneSimulator.Build.0 = Ad-Hoc|iPhoneSimulator
		{94DDBEE3-AD6C-4B73-A15C-85F7528A2201}.Ad-Hoc|x64.ActiveCfg = Ad-Hoc|iPhone
		{94DDBEE3-AD6C-4B73-A15C-85F7528A2201}.Ad-Hoc|x86.ActiveCfg = Ad-Hoc|iPhone
		{94DDBEE3-AD6C-4B73-A15C-85F7528A2201}.AppStore|Any CPU.ActiveCfg = AppStore|iPhoneSimulator
		{94DDBEE3-AD6C-4B73-A15C-85F7528A2201}.AppStore|ARM.ActiveCfg = AppStore|iPhone
		{94DDBEE3-AD6C-4B73-A15C-85F7528A2201}.AppStore|iPhone.ActiveCfg = AppStore|iPhone
		{94DDBEE3-AD6C-4B73-A15C-85F7528A2201}.AppStore|iPhone.Build.0 = AppStore|iPhone
		{94DDBEE3-AD6C-4B73-A15C-85F7528A2201}.AppStore|iPhoneSimulator.ActiveCfg = AppStore|iPhoneSimulator
		{94DDBEE3-AD6C-4B73-A15C-85F7528A2201}.AppStore|iPhoneSimulator.Build.0 = AppStore|iPhoneSimulator
		{94DDBEE3-AD6C-4B73-A15C-85F7528A2201}.AppStore|x64.ActiveCfg = AppStore|iPhone
		{94DDBEE3-AD6C-4B73-A15C-85F7528A2201}.AppStore|x86.ActiveCfg = AppStore|iPhone
		{94DDBEE3-AD6C-4B73-A15C-85F7528A2201}.Debug|Any CPU.ActiveCfg = Debug|iPhoneSimulator
		{94DDBEE3-AD6C-4B73-A15C-85F7528A2201}.Debug|ARM.ActiveCfg = Debug|iPhone
		{94DDBEE3-AD6C-4B73-A15C-85F7528A2201}.Debug|iPhone.ActiveCfg = Debug|iPhone
		{94DDBEE3-AD6C-4B73-A15C-85F7528A2201}.Debug|iPhone.Build.0 = Debug|iPhone
		{94DDBEE3-AD6C-4B73-A15C-85F7528A2201}.Debug|iPhoneSimulator.ActiveCfg = Debug|iPhoneSimulator
		{94DDBEE3-AD6C-4B73-A15C-85F7528A2201}.Debug|iPhoneSimulator.Build.0 = Debug|iPhoneSimulator
		{94DDBEE3-AD6C-4B73-A15C-85F7528A2201}.Debug|x64.ActiveCfg = Debug|iPhone
		{94DDBEE3-AD6C-4B73-A15C-85F7528A2201}.Debug|x86.ActiveCfg = Debug|iPhone
		{94DDBEE3-AD6C-4B73-A15C-85F7528A2201}.Release|Any CPU.ActiveCfg = Release|iPhoneSimulator
		{94DDBEE3-AD6C-4B73-A15C-85F7528A2201}.Release|ARM.ActiveCfg = Release|iPhone
		{94DDBEE3-AD6C-4B73-A15C-85F7528A2201}.Release|iPhone.ActiveCfg = Release|iPhone
		{94DDBEE3-AD6C-4B73-A15C-85F7528A2201}.Release|iPhone.Build.0 = Release|iPhone
		{94DDBEE3-AD6C-4B73-A15C-85F7528A2201}.Release|iPhoneSimulator.ActiveCfg = Release|iPhoneSimulator
		{94DDBEE3-AD6C-4B73-A15C-85F7528A2201}.Release|iPhoneSimulator.Build.0 = Release|iPhoneSimulator
		{94DDBEE3-AD6C-4B73-A15C-85F7528A2201}.Release|x64.ActiveCfg = Release|iPhone
		{94DDBEE3-AD6C-4B73-A15C-85F7528A2201}.Release|x86.ActiveCfg = Release|iPhone
		{B287CC8A-7236-46D3-AB58-2D0B7D082494}.Ad-Hoc|Any CPU.ActiveCfg = Release|Any CPU
		{B287CC8A-7236-46D3-AB58-2D0B7D082494}.Ad-Hoc|Any CPU.Build.0 = Release|Any CPU
		{B287CC8A-7236-46D3-AB58-2D0B7D082494}.Ad-Hoc|ARM.ActiveCfg = Debug|Any CPU
		{B287CC8A-7236-46D3-AB58-2D0B7D082494}.Ad-Hoc|ARM.Build.0 = Debug|Any CPU
		{B287CC8A-7236-46D3-AB58-2D0B7D082494}.Ad-Hoc|iPhone.ActiveCfg = Release|Any CPU
		{B287CC8A-7236-46D3-AB58-2D0B7D082494}.Ad-Hoc|iPhone.Build.0 = Release|Any CPU
		{B287CC8A-7236-46D3-AB58-2D0B7D082494}.Ad-Hoc|iPhoneSimulator.ActiveCfg = Release|Any CPU
		{B287CC8A-7236-46D3-AB58-2D0B7D082494}.Ad-Hoc|iPhoneSimulator.Build.0 = Release|Any CPU
		{B287CC8A-7236-46D3-AB58-2D0B7D082494}.Ad-Hoc|x64.ActiveCfg = Release|Any CPU
		{B287CC8A-7236-46D3-AB58-2D0B7D082494}.Ad-Hoc|x64.Build.0 = Release|Any CPU
		{B287CC8A-7236-46D3-AB58-2D0B7D082494}.Ad-Hoc|x86.ActiveCfg = Release|Any CPU
		{B287CC8A-7236-46D3-AB58-2D0B7D082494}.Ad-Hoc|x86.Build.0 = Release|Any CPU
		{B287CC8A-7236-46D3-AB58-2D0B7D082494}.AppStore|Any CPU.ActiveCfg = Release|Any CPU
		{B287CC8A-7236-46D3-AB58-2D0B7D082494}.AppStore|Any CPU.Build.0 = Release|Any CPU
		{B287CC8A-7236-46D3-AB58-2D0B7D082494}.AppStore|ARM.ActiveCfg = Debug|Any CPU
		{B287CC8A-7236-46D3-AB58-2D0B7D082494}.AppStore|ARM.Build.0 = Debug|Any CPU
		{B287CC8A-7236-46D3-AB58-2D0B7D082494}.AppStore|iPhone.ActiveCfg = Release|Any CPU
		{B287CC8A-7236-46D3-AB58-2D0B7D082494}.AppStore|iPhone.Build.0 = Release|Any CPU
		{B287CC8A-7236-46D3-AB58-2D0B7D082494}.AppStore|iPhoneSimulator.ActiveCfg = Release|Any CPU
		{B287CC8A-7236-46D3-AB58-2D0B7D082494}.AppStore|iPhoneSimulator.Build.0 = Release|Any CPU
		{B287CC8A-7236-46D3-AB58-2D0B7D082494}.AppStore|x64.ActiveCfg = Release|Any CPU
		{B287CC8A-7236-46D3-AB58-2D0B7D082494}.AppStore|x64.Build.0 = Release|Any CPU
		{B287CC8A-7236-46D3-AB58-2D0B7D082494}.AppStore|x86.ActiveCfg = Release|Any CPU
		{B287CC8A-7236-46D3-AB58-2D0B7D082494}.AppStore|x86.Build.0 = Release|Any CPU
		{B287CC8A-7236-46D3-AB58-2D0B7D082494}.Debug|Any CPU.ActiveCfg = Debug|Any CPU
		{B287CC8A-7236-46D3-AB58-2D0B7D082494}.Debug|Any CPU.Build.0 = Debug|Any CPU
		{B287CC8A-7236-46D3-AB58-2D0B7D082494}.Debug|ARM.ActiveCfg = Debug|Any CPU
		{B287CC8A-7236-46D3-AB58-2D0B7D082494}.Debug|ARM.Build.0 = Debug|Any CPU
		{B287CC8A-7236-46D3-AB58-2D0B7D082494}.Debug|iPhone.ActiveCfg = Debug|Any CPU
		{B287CC8A-7236-46D3-AB58-2D0B7D082494}.Debug|iPhone.Build.0 = Debug|Any CPU
		{B287CC8A-7236-46D3-AB58-2D0B7D082494}.Debug|iPhoneSimulator.ActiveCfg = Debug|Any CPU
		{B287CC8A-7236-46D3-AB58-2D0B7D082494}.Debug|iPhoneSimulator.Build.0 = Debug|Any CPU
		{B287CC8A-7236-46D3-AB58-2D0B7D082494}.Debug|x64.ActiveCfg = Debug|Any CPU
		{B287CC8A-7236-46D3-AB58-2D0B7D082494}.Debug|x64.Build.0 = Debug|Any CPU
		{B287CC8A-7236-46D3-AB58-2D0B7D082494}.Debug|x86.ActiveCfg = Debug|Any CPU
		{B287CC8A-7236-46D3-AB58-2D0B7D082494}.Debug|x86.Build.0 = Debug|Any CPU
		{B287CC8A-7236-46D3-AB58-2D0B7D082494}.Release|Any CPU.ActiveCfg = Release|Any CPU
		{B287CC8A-7236-46D3-AB58-2D0B7D082494}.Release|Any CPU.Build.0 = Release|Any CPU
		{B287CC8A-7236-46D3-AB58-2D0B7D082494}.Release|ARM.ActiveCfg = Release|Any CPU
		{B287CC8A-7236-46D3-AB58-2D0B7D082494}.Release|ARM.Build.0 = Release|Any CPU
		{B287CC8A-7236-46D3-AB58-2D0B7D082494}.Release|iPhone.ActiveCfg = Release|Any CPU
		{B287CC8A-7236-46D3-AB58-2D0B7D082494}.Release|iPhone.Build.0 = Release|Any CPU
		{B287CC8A-7236-46D3-AB58-2D0B7D082494}.Release|iPhoneSimulator.ActiveCfg = Release|Any CPU
		{B287CC8A-7236-46D3-AB58-2D0B7D082494}.Release|iPhoneSimulator.Build.0 = Release|Any CPU
		{B287CC8A-7236-46D3-AB58-2D0B7D082494}.Release|x64.ActiveCfg = Release|Any CPU
		{B287CC8A-7236-46D3-AB58-2D0B7D082494}.Release|x64.Build.0 = Release|Any CPU
		{B287CC8A-7236-46D3-AB58-2D0B7D082494}.Release|x86.ActiveCfg = Release|Any CPU
		{B287CC8A-7236-46D3-AB58-2D0B7D082494}.Release|x86.Build.0 = Release|Any CPU
		{00CF93D5-A396-454E-9BEA-9FB8B059A7FD}.Ad-Hoc|Any CPU.ActiveCfg = Release|x64
		{00CF93D5-A396-454E-9BEA-9FB8B059A7FD}.Ad-Hoc|Any CPU.Build.0 = Release|x64
		{00CF93D5-A396-454E-9BEA-9FB8B059A7FD}.Ad-Hoc|Any CPU.Deploy.0 = Release|x64
		{00CF93D5-A396-454E-9BEA-9FB8B059A7FD}.Ad-Hoc|ARM.ActiveCfg = Release|ARM
		{00CF93D5-A396-454E-9BEA-9FB8B059A7FD}.Ad-Hoc|ARM.Build.0 = Release|ARM
		{00CF93D5-A396-454E-9BEA-9FB8B059A7FD}.Ad-Hoc|ARM.Deploy.0 = Release|ARM
		{00CF93D5-A396-454E-9BEA-9FB8B059A7FD}.Ad-Hoc|iPhone.ActiveCfg = Release|x64
		{00CF93D5-A396-454E-9BEA-9FB8B059A7FD}.Ad-Hoc|iPhone.Build.0 = Release|x64
		{00CF93D5-A396-454E-9BEA-9FB8B059A7FD}.Ad-Hoc|iPhone.Deploy.0 = Release|x64
		{00CF93D5-A396-454E-9BEA-9FB8B059A7FD}.Ad-Hoc|iPhoneSimulator.ActiveCfg = Release|x64
		{00CF93D5-A396-454E-9BEA-9FB8B059A7FD}.Ad-Hoc|iPhoneSimulator.Build.0 = Release|x64
		{00CF93D5-A396-454E-9BEA-9FB8B059A7FD}.Ad-Hoc|iPhoneSimulator.Deploy.0 = Release|x64
		{00CF93D5-A396-454E-9BEA-9FB8B059A7FD}.Ad-Hoc|x64.ActiveCfg = Release|x64
		{00CF93D5-A396-454E-9BEA-9FB8B059A7FD}.Ad-Hoc|x64.Build.0 = Release|x64
		{00CF93D5-A396-454E-9BEA-9FB8B059A7FD}.Ad-Hoc|x64.Deploy.0 = Release|x64
		{00CF93D5-A396-454E-9BEA-9FB8B059A7FD}.Ad-Hoc|x86.ActiveCfg = Release|x86
		{00CF93D5-A396-454E-9BEA-9FB8B059A7FD}.Ad-Hoc|x86.Build.0 = Release|x86
		{00CF93D5-A396-454E-9BEA-9FB8B059A7FD}.Ad-Hoc|x86.Deploy.0 = Release|x86
		{00CF93D5-A396-454E-9BEA-9FB8B059A7FD}.AppStore|Any CPU.ActiveCfg = Release|x64
		{00CF93D5-A396-454E-9BEA-9FB8B059A7FD}.AppStore|Any CPU.Build.0 = Release|x64
		{00CF93D5-A396-454E-9BEA-9FB8B059A7FD}.AppStore|Any CPU.Deploy.0 = Release|x64
		{00CF93D5-A396-454E-9BEA-9FB8B059A7FD}.AppStore|ARM.ActiveCfg = Release|ARM
		{00CF93D5-A396-454E-9BEA-9FB8B059A7FD}.AppStore|ARM.Build.0 = Release|ARM
		{00CF93D5-A396-454E-9BEA-9FB8B059A7FD}.AppStore|ARM.Deploy.0 = Release|ARM
		{00CF93D5-A396-454E-9BEA-9FB8B059A7FD}.AppStore|iPhone.ActiveCfg = Release|x64
		{00CF93D5-A396-454E-9BEA-9FB8B059A7FD}.AppStore|iPhone.Build.0 = Release|x64
		{00CF93D5-A396-454E-9BEA-9FB8B059A7FD}.AppStore|iPhone.Deploy.0 = Release|x64
		{00CF93D5-A396-454E-9BEA-9FB8B059A7FD}.AppStore|iPhoneSimulator.ActiveCfg = Release|x64
		{00CF93D5-A396-454E-9BEA-9FB8B059A7FD}.AppStore|iPhoneSimulator.Build.0 = Release|x64
		{00CF93D5-A396-454E-9BEA-9FB8B059A7FD}.AppStore|iPhoneSimulator.Deploy.0 = Release|x64
		{00CF93D5-A396-454E-9BEA-9FB8B059A7FD}.AppStore|x64.ActiveCfg = Release|x64
		{00CF93D5-A396-454E-9BEA-9FB8B059A7FD}.AppStore|x64.Build.0 = Release|x64
		{00CF93D5-A396-454E-9BEA-9FB8B059A7FD}.AppStore|x64.Deploy.0 = Release|x64
		{00CF93D5-A396-454E-9BEA-9FB8B059A7FD}.AppStore|x86.ActiveCfg = Release|x86
		{00CF93D5-A396-454E-9BEA-9FB8B059A7FD}.AppStore|x86.Build.0 = Release|x86
		{00CF93D5-A396-454E-9BEA-9FB8B059A7FD}.AppStore|x86.Deploy.0 = Release|x86
		{00CF93D5-A396-454E-9BEA-9FB8B059A7FD}.Debug|Any CPU.ActiveCfg = Debug|x86
		{00CF93D5-A396-454E-9BEA-9FB8B059A7FD}.Debug|Any CPU.Build.0 = Debug|x86
		{00CF93D5-A396-454E-9BEA-9FB8B059A7FD}.Debug|Any CPU.Deploy.0 = Debug|x86
		{00CF93D5-A396-454E-9BEA-9FB8B059A7FD}.Debug|ARM.ActiveCfg = Debug|ARM
		{00CF93D5-A396-454E-9BEA-9FB8B059A7FD}.Debug|ARM.Build.0 = Debug|ARM
		{00CF93D5-A396-454E-9BEA-9FB8B059A7FD}.Debug|ARM.Deploy.0 = Debug|ARM
		{00CF93D5-A396-454E-9BEA-9FB8B059A7FD}.Debug|iPhone.ActiveCfg = Debug|x86
		{00CF93D5-A396-454E-9BEA-9FB8B059A7FD}.Debug|iPhoneSimulator.ActiveCfg = Debug|x86
		{00CF93D5-A396-454E-9BEA-9FB8B059A7FD}.Debug|x64.ActiveCfg = Debug|x64
		{00CF93D5-A396-454E-9BEA-9FB8B059A7FD}.Debug|x64.Build.0 = Debug|x64
		{00CF93D5-A396-454E-9BEA-9FB8B059A7FD}.Debug|x64.Deploy.0 = Debug|x64
		{00CF93D5-A396-454E-9BEA-9FB8B059A7FD}.Debug|x86.ActiveCfg = Debug|x86
		{00CF93D5-A396-454E-9BEA-9FB8B059A7FD}.Debug|x86.Build.0 = Debug|x86
		{00CF93D5-A396-454E-9BEA-9FB8B059A7FD}.Debug|x86.Deploy.0 = Debug|x86
		{00CF93D5-A396-454E-9BEA-9FB8B059A7FD}.Release|Any CPU.ActiveCfg = Release|x86
		{00CF93D5-A396-454E-9BEA-9FB8B059A7FD}.Release|Any CPU.Build.0 = Release|x86
		{00CF93D5-A396-454E-9BEA-9FB8B059A7FD}.Release|Any CPU.Deploy.0 = Release|x86
		{00CF93D5-A396-454E-9BEA-9FB8B059A7FD}.Release|ARM.ActiveCfg = Release|ARM
		{00CF93D5-A396-454E-9BEA-9FB8B059A7FD}.Release|ARM.Build.0 = Release|ARM
		{00CF93D5-A396-454E-9BEA-9FB8B059A7FD}.Release|ARM.Deploy.0 = Release|ARM
		{00CF93D5-A396-454E-9BEA-9FB8B059A7FD}.Release|iPhone.ActiveCfg = Release|x86
		{00CF93D5-A396-454E-9BEA-9FB8B059A7FD}.Release|iPhoneSimulator.ActiveCfg = Release|x86
		{00CF93D5-A396-454E-9BEA-9FB8B059A7FD}.Release|x64.ActiveCfg = Release|x64
		{00CF93D5-A396-454E-9BEA-9FB8B059A7FD}.Release|x64.Build.0 = Release|x64
		{00CF93D5-A396-454E-9BEA-9FB8B059A7FD}.Release|x64.Deploy.0 = Release|x64
		{00CF93D5-A396-454E-9BEA-9FB8B059A7FD}.Release|x86.ActiveCfg = Release|x86
		{00CF93D5-A396-454E-9BEA-9FB8B059A7FD}.Release|x86.Build.0 = Release|x86
		{00CF93D5-A396-454E-9BEA-9FB8B059A7FD}.Release|x86.Deploy.0 = Release|x86
	EndGlobalSection
	GlobalSection(SolutionProperties) = preSolution
		HideSolutionNode = FALSE
	EndGlobalSection
	GlobalSection(ExtensibilityGlobals) = postSolution
		SolutionGuid = {567A4CA6-822F-4332-A8C4-EC7B1FC51EFD}
	EndGlobalSection
EndGlobal
